
Microsoft Visual Studio Solution File, Format Version 12.00
# Visual Studio Version 17
VisualStudioVersion = 17.2.32602.215
MinimumVisualStudioVersion = 10.0.40219.1
Project("{FAE04EC0-301F-11D3-BF4B-00C04F79EFBC}") = "SqlTutorial", "SqlTutorial\SqlTutorial.csproj", "{FADEC54C-4CD4-4F8E-A991-BCF733EC09DB}"
EndProject
Global
	GlobalSection(SolutionConfigurationPlatforms) = preSolution
		Debug|Any CPU = Debug|Any CPU
		Release|Any CPU = Release|Any CPU
	EndGlobalSection
	GlobalSection(ProjectConfigurationPlatforms) = postSolution
		{FADEC54C-4CD4-4F8E-A991-BCF733EC09DB}.Debug|Any CPU.ActiveCfg = Debug|Any CPU
		{FADEC54C-4CD4-4F8E-A991-BCF733EC09DB}.Debug|Any CPU.Build.0 = Debug|Any CPU
		{FADEC54C-4CD4-4F8E-A991-BCF733EC09DB}.Release|Any CPU.ActiveCfg = Release|Any CPU
		{FADEC54C-4CD4-4F8E-A991-BCF733EC09DB}.Release|Any CPU.Build.0 = Release|Any CPU
	EndGlobalSection
	GlobalSection(SolutionProperties) = preSolution
		HideSolutionNode = FALSE
	EndGlobalSection
	GlobalSection(ExtensibilityGlobals) = postSolution
		SolutionGuid = {B85A5777-E7B6-4CD9-BEFA-0B72073B0632}
	EndGlobalSection
EndGlobal
